
Microsoft Visual Studio Solution File, Format Version 12.00
# Visual Studio Version 17
VisualStudioVersion = 17.14.36401.2 d17.14
MinimumVisualStudioVersion = 10.0.40219.1
Project("{FAE04EC0-301F-11D3-BF4B-00C04F79EFBC}") = "Frontendtest1703", "Frontendtest1703.csproj", "{682D11AD-6B23-45AE-B00C-A205ACEE7651}"
EndProject
Global
	GlobalSection(SolutionConfigurationPlatforms) = preSolution
		Debug|Any CPU = Debug|Any CPU
		Release|Any CPU = Release|Any CPU
	EndGlobalSection
	GlobalSection(ProjectConfigurationPlatforms) = postSolution
		{682D11AD-6B23-45AE-B00C-A205ACEE7651}.Debug|Any CPU.ActiveCfg = Debug|Any CPU
		{682D11AD-6B23-45AE-B00C-A205ACEE7651}.Debug|Any CPU.Build.0 = Debug|Any CPU
		{682D11AD-6B23-45AE-B00C-A205ACEE7651}.Release|Any CPU.ActiveCfg = Release|Any CPU
		{682D11AD-6B23-45AE-B00C-A205ACEE7651}.Release|Any CPU.Build.0 = Release|Any CPU
	EndGlobalSection
	GlobalSection(SolutionProperties) = preSolution
		HideSolutionNode = FALSE
	EndGlobalSection
	GlobalSection(ExtensibilityGlobals) = postSolution
		SolutionGuid = {7D60C700-82BA-4ADC-BA43-2BFBE37BCE7B}
	EndGlobalSection
EndGlobal
